
Microsoft Visual Studio Solution File, Format Version 12.00
# Visual Studio 15
VisualStudioVersion = 15.0.26430.13
MinimumVisualStudioVersion = 10.0.40219.1
Project("{FAE04EC0-301F-11D3-BF4B-00C04F79EFBC}") = "storage-blobs-dotnet-quickstart", "storage-blobs-dotnet-quickstart\storage-blobs-dotnet-quickstart.csproj", "{597F8F4D-1A64-4AE4-9EE8-772D02EBA774}"
EndProject
Global
	GlobalSection(SolutionConfigurationPlatforms) = preSolution
		Debug|Any CPU = Debug|Any CPU
		Release|Any CPU = Release|Any CPU
	EndGlobalSection
	GlobalSection(ProjectConfigurationPlatforms) = postSolution
		{597F8F4D-1A64-4AE4-9EE8-772D02EBA774}.Debug|Any CPU.ActiveCfg = Debug|Any CPU
		{597F8F4D-1A64-4AE4-9EE8-772D02EBA774}.Debug|Any CPU.Build.0 = Debug|Any CPU
		{597F8F4D-1A64-4AE4-9EE8-772D02EBA774}.Release|Any CPU.ActiveCfg = Release|Any CPU
		{597F8F4D-1A64-4AE4-9EE8-772D02EBA774}.Release|Any CPU.Build.0 = Release|Any CPU
	EndGlobalSection
	GlobalSection(SolutionProperties) = preSolution
		HideSolutionNode = FALSE
	EndGlobalSection
EndGlobal
